
Microsoft Visual Studio Solution File, Format Version 12.00
# Visual Studio Version 17
VisualStudioVersion = 17.0.31903.59
MinimumVisualStudioVersion = 10.0.40219.1
Project("{FAE04EC0-301F-11D3-BF4B-00C04F79EFBC}") = "ConsoleApp1", "ConsoleApp1\ConsoleApp1.csproj", "{EBE99F04-48C0-4863-9F8A-E9738556452E}"
EndProject
Project("{FAE04EC0-301F-11D3-BF4B-00C04F79EFBC}") = "ConsoleApp2", "ConsoleApp2\ConsoleApp2.csproj", "{4DC99B0B-02B8-4D51-A9CB-889A9002827F}"
EndProject
Project("{FAE04EC0-301F-11D3-BF4B-00C04F79EFBC}") = "andro", "andro\andro.csproj", "{B934E2D3-D1D9-4307-9776-F29F2189C65B}"
EndProject
Project("{FAE04EC0-301F-11D3-BF4B-00C04F79EFBC}") = "namespace", "namespace\namespace.csproj", "{2532E8B9-B966-4F8E-AC1A-97A25D50379F}"
EndProject
Project("{FAE04EC0-301F-11D3-BF4B-00C04F79EFBC}") = "fizzbuz", "fizzbuz\fizzbuz.csproj", "{5DC74627-B154-4573-B939-571AA9C524AD}"
EndProject
Project("{FAE04EC0-301F-11D3-BF4B-00C04F79EFBC}") = "syntax", "syntax\syntax.csproj", "{F42B8A73-5EBF-4DC9-9D26-AE21B3B7E3D4}"
EndProject
Project("{FAE04EC0-301F-11D3-BF4B-00C04F79EFBC}") = "TypeBasic", "TypeBasic\TypeBasic.csproj", "{01E30FE8-FCA7-4568-B1BB-BBA0FCE8C29A}"
EndProject
Project("{FAE04EC0-301F-11D3-BF4B-00C04F79EFBC}") = "numerictype", "numerictype\numerictype.csproj", "{35B11998-51D1-4E28-BF3D-DC955B0A73CC}"
EndProject
Project("{FAE04EC0-301F-11D3-BF4B-00C04F79EFBC}") = "boolean", "boolean\boolean.csproj", "{7BCE29E9-3076-4349-86DC-D563A488F3FF}"
EndProject
Project("{FAE04EC0-301F-11D3-BF4B-00C04F79EFBC}") = "string", "string\string.csproj", "{E9FEDBFA-1961-4264-8DFE-2E45221324E6}"
EndProject
Project("{FAE04EC0-301F-11D3-BF4B-00C04F79EFBC}") = "array", "array\array.csproj", "{4335E3B1-F5FE-4F7D-AEFB-D48942B4F72A}"
EndProject
Project("{FAE04EC0-301F-11D3-BF4B-00C04F79EFBC}") = "variableandpara", "variableandpara\variableandpara.csproj", "{9C5A6AB1-5617-4043-8E78-582FF90FB2CA}"
EndProject
Project("{FAE04EC0-301F-11D3-BF4B-00C04F79EFBC}") = "Expressionandoperator", "Expressionandoperator\Expressionandoperator.csproj", "{70F84E7A-125C-4F32-A300-D3DADFF7816D}"
EndProject
Project("{FAE04EC0-301F-11D3-BF4B-00C04F79EFBC}") = "classes", "classes\classes.csproj", "{459F2B2A-1BBB-47C1-A639-A8173F348419}"
EndProject
Project("{FAE04EC0-301F-11D3-BF4B-00C04F79EFBC}") = "Inheritance", "Inheritance\Inheritance.csproj", "{351E4597-F799-4CDC-97C2-028DDC097AE8}"
EndProject
Project("{FAE04EC0-301F-11D3-BF4B-00C04F79EFBC}") = "objecttype", "objecttype\objecttype.csproj", "{723FEA18-1C6B-4A31-B6C8-36A2036FD101}"
EndProject
Project("{FAE04EC0-301F-11D3-BF4B-00C04F79EFBC}") = "structs", "structs\structs.csproj", "{9CF8313D-E307-4C15-ACD9-493C8FBCEC4B}"
EndProject
Project("{FAE04EC0-301F-11D3-BF4B-00C04F79EFBC}") = "AccesModifier", "AccesModifier\AccesModifier.csproj", "{6B9DBF9B-8C5D-436C-ADA9-FF83354F5602}"
EndProject
Project("{FAE04EC0-301F-11D3-BF4B-00C04F79EFBC}") = "interface", "interface\interface.csproj", "{CCE7C618-6897-4CDB-AC11-5A4137A3E1FE}"
EndProject
Project("{FAE04EC0-301F-11D3-BF4B-00C04F79EFBC}") = "enum", "enum\enum.csproj", "{5BE25B99-BA65-4508-8C1F-7BBDE6428966}"
EndProject
Project("{FAE04EC0-301F-11D3-BF4B-00C04F79EFBC}") = "enumm", "enumm\enumm.csproj", "{D67E6732-ECB0-4514-BFF5-1A453F894E0F}"
EndProject
Project("{FAE04EC0-301F-11D3-BF4B-00C04F79EFBC}") = "NestedType", "NestedType\NestedType.csproj", "{A8AB3D75-D40F-40BF-AD14-F9429EFCDE73}"
EndProject
Project("{FAE04EC0-301F-11D3-BF4B-00C04F79EFBC}") = "generics", "generics\generics.csproj", "{D2AB36A9-A1D3-4D38-BE81-8C92208D1611}"
EndProject
Project("{FAE04EC0-301F-11D3-BF4B-00C04F79EFBC}") = "creatingtypesall", "creatingtypesall\creatingtypesall.csproj", "{12B6DBF3-8DB4-4782-BD6F-BE0985107781}"
EndProject
Global
	GlobalSection(SolutionConfigurationPlatforms) = preSolution
		Debug|Any CPU = Debug|Any CPU
		Release|Any CPU = Release|Any CPU
	EndGlobalSection
	GlobalSection(SolutionProperties) = preSolution
		HideSolutionNode = FALSE
	EndGlobalSection
	GlobalSection(ProjectConfigurationPlatforms) = postSolution
		{EBE99F04-48C0-4863-9F8A-E9738556452E}.Debug|Any CPU.ActiveCfg = Debug|Any CPU
		{EBE99F04-48C0-4863-9F8A-E9738556452E}.Debug|Any CPU.Build.0 = Debug|Any CPU
		{EBE99F04-48C0-4863-9F8A-E9738556452E}.Release|Any CPU.ActiveCfg = Release|Any CPU
		{EBE99F04-48C0-4863-9F8A-E9738556452E}.Release|Any CPU.Build.0 = Release|Any CPU
		{4DC99B0B-02B8-4D51-A9CB-889A9002827F}.Debug|Any CPU.ActiveCfg = Debug|Any CPU
		{4DC99B0B-02B8-4D51-A9CB-889A9002827F}.Debug|Any CPU.Build.0 = Debug|Any CPU
		{4DC99B0B-02B8-4D51-A9CB-889A9002827F}.Release|Any CPU.ActiveCfg = Release|Any CPU
		{4DC99B0B-02B8-4D51-A9CB-889A9002827F}.Release|Any CPU.Build.0 = Release|Any CPU
		{B934E2D3-D1D9-4307-9776-F29F2189C65B}.Debug|Any CPU.ActiveCfg = Debug|Any CPU
		{B934E2D3-D1D9-4307-9776-F29F2189C65B}.Debug|Any CPU.Build.0 = Debug|Any CPU
		{B934E2D3-D1D9-4307-9776-F29F2189C65B}.Release|Any CPU.ActiveCfg = Release|Any CPU
		{B934E2D3-D1D9-4307-9776-F29F2189C65B}.Release|Any CPU.Build.0 = Release|Any CPU
		{2532E8B9-B966-4F8E-AC1A-97A25D50379F}.Debug|Any CPU.ActiveCfg = Debug|Any CPU
		{2532E8B9-B966-4F8E-AC1A-97A25D50379F}.Debug|Any CPU.Build.0 = Debug|Any CPU
		{2532E8B9-B966-4F8E-AC1A-97A25D50379F}.Release|Any CPU.ActiveCfg = Release|Any CPU
		{2532E8B9-B966-4F8E-AC1A-97A25D50379F}.Release|Any CPU.Build.0 = Release|Any CPU
		{5DC74627-B154-4573-B939-571AA9C524AD}.Debug|Any CPU.ActiveCfg = Debug|Any CPU
		{5DC74627-B154-4573-B939-571AA9C524AD}.Debug|Any CPU.Build.0 = Debug|Any CPU
		{5DC74627-B154-4573-B939-571AA9C524AD}.Release|Any CPU.ActiveCfg = Release|Any CPU
		{5DC74627-B154-4573-B939-571AA9C524AD}.Release|Any CPU.Build.0 = Release|Any CPU
		{F42B8A73-5EBF-4DC9-9D26-AE21B3B7E3D4}.Debug|Any CPU.ActiveCfg = Debug|Any CPU
		{F42B8A73-5EBF-4DC9-9D26-AE21B3B7E3D4}.Debug|Any CPU.Build.0 = Debug|Any CPU
		{F42B8A73-5EBF-4DC9-9D26-AE21B3B7E3D4}.Release|Any CPU.ActiveCfg = Release|Any CPU
		{F42B8A73-5EBF-4DC9-9D26-AE21B3B7E3D4}.Release|Any CPU.Build.0 = Release|Any CPU
		{01E30FE8-FCA7-4568-B1BB-BBA0FCE8C29A}.Debug|Any CPU.ActiveCfg = Debug|Any CPU
		{01E30FE8-FCA7-4568-B1BB-BBA0FCE8C29A}.Debug|Any CPU.Build.0 = Debug|Any CPU
		{01E30FE8-FCA7-4568-B1BB-BBA0FCE8C29A}.Release|Any CPU.ActiveCfg = Release|Any CPU
		{01E30FE8-FCA7-4568-B1BB-BBA0FCE8C29A}.Release|Any CPU.Build.0 = Release|Any CPU
		{35B11998-51D1-4E28-BF3D-DC955B0A73CC}.Debug|Any CPU.ActiveCfg = Debug|Any CPU
		{35B11998-51D1-4E28-BF3D-DC955B0A73CC}.Debug|Any CPU.Build.0 = Debug|Any CPU
		{35B11998-51D1-4E28-BF3D-DC955B0A73CC}.Release|Any CPU.ActiveCfg = Release|Any CPU
		{35B11998-51D1-4E28-BF3D-DC955B0A73CC}.Release|Any CPU.Build.0 = Release|Any CPU
		{7BCE29E9-3076-4349-86DC-D563A488F3FF}.Debug|Any CPU.ActiveCfg = Debug|Any CPU
		{7BCE29E9-3076-4349-86DC-D563A488F3FF}.Debug|Any CPU.Build.0 = Debug|Any CPU
		{7BCE29E9-3076-4349-86DC-D563A488F3FF}.Release|Any CPU.ActiveCfg = Release|Any CPU
		{7BCE29E9-3076-4349-86DC-D563A488F3FF}.Release|Any CPU.Build.0 = Release|Any CPU
		{E9FEDBFA-1961-4264-8DFE-2E45221324E6}.Debug|Any CPU.ActiveCfg = Debug|Any CPU
		{E9FEDBFA-1961-4264-8DFE-2E45221324E6}.Debug|Any CPU.Build.0 = Debug|Any CPU
		{E9FEDBFA-1961-4264-8DFE-2E45221324E6}.Release|Any CPU.ActiveCfg = Release|Any CPU
		{E9FEDBFA-1961-4264-8DFE-2E45221324E6}.Release|Any CPU.Build.0 = Release|Any CPU
		{4335E3B1-F5FE-4F7D-AEFB-D48942B4F72A}.Debug|Any CPU.ActiveCfg = Debug|Any CPU
		{4335E3B1-F5FE-4F7D-AEFB-D48942B4F72A}.Debug|Any CPU.Build.0 = Debug|Any CPU
		{4335E3B1-F5FE-4F7D-AEFB-D48942B4F72A}.Release|Any CPU.ActiveCfg = Release|Any CPU
		{4335E3B1-F5FE-4F7D-AEFB-D48942B4F72A}.Release|Any CPU.Build.0 = Release|Any CPU
		{9C5A6AB1-5617-4043-8E78-582FF90FB2CA}.Debug|Any CPU.ActiveCfg = Debug|Any CPU
		{9C5A6AB1-5617-4043-8E78-582FF90FB2CA}.Debug|Any CPU.Build.0 = Debug|Any CPU
		{9C5A6AB1-5617-4043-8E78-582FF90FB2CA}.Release|Any CPU.ActiveCfg = Release|Any CPU
		{9C5A6AB1-5617-4043-8E78-582FF90FB2CA}.Release|Any CPU.Build.0 = Release|Any CPU
		{70F84E7A-125C-4F32-A300-D3DADFF7816D}.Debug|Any CPU.ActiveCfg = Debug|Any CPU
		{70F84E7A-125C-4F32-A300-D3DADFF7816D}.Debug|Any CPU.Build.0 = Debug|Any CPU
		{70F84E7A-125C-4F32-A300-D3DADFF7816D}.Release|Any CPU.ActiveCfg = Release|Any CPU
		{70F84E7A-125C-4F32-A300-D3DADFF7816D}.Release|Any CPU.Build.0 = Release|Any CPU
		{459F2B2A-1BBB-47C1-A639-A8173F348419}.Debug|Any CPU.ActiveCfg = Debug|Any CPU
		{459F2B2A-1BBB-47C1-A639-A8173F348419}.Debug|Any CPU.Build.0 = Debug|Any CPU
		{459F2B2A-1BBB-47C1-A639-A8173F348419}.Release|Any CPU.ActiveCfg = Release|Any CPU
		{459F2B2A-1BBB-47C1-A639-A8173F348419}.Release|Any CPU.Build.0 = Release|Any CPU
		{351E4597-F799-4CDC-97C2-028DDC097AE8}.Debug|Any CPU.ActiveCfg = Debug|Any CPU
		{351E4597-F799-4CDC-97C2-028DDC097AE8}.Debug|Any CPU.Build.0 = Debug|Any CPU
		{351E4597-F799-4CDC-97C2-028DDC097AE8}.Release|Any CPU.ActiveCfg = Release|Any CPU
		{351E4597-F799-4CDC-97C2-028DDC097AE8}.Release|Any CPU.Build.0 = Release|Any CPU
		{723FEA18-1C6B-4A31-B6C8-36A2036FD101}.Debug|Any CPU.ActiveCfg = Debug|Any CPU
		{723FEA18-1C6B-4A31-B6C8-36A2036FD101}.Debug|Any CPU.Build.0 = Debug|Any CPU
		{723FEA18-1C6B-4A31-B6C8-36A2036FD101}.Release|Any CPU.ActiveCfg = Release|Any CPU
		{723FEA18-1C6B-4A31-B6C8-36A2036FD101}.Release|Any CPU.Build.0 = Release|Any CPU
		{9CF8313D-E307-4C15-ACD9-493C8FBCEC4B}.Debug|Any CPU.ActiveCfg = Debug|Any CPU
		{9CF8313D-E307-4C15-ACD9-493C8FBCEC4B}.Debug|Any CPU.Build.0 = Debug|Any CPU
		{9CF8313D-E307-4C15-ACD9-493C8FBCEC4B}.Release|Any CPU.ActiveCfg = Release|Any CPU
		{9CF8313D-E307-4C15-ACD9-493C8FBCEC4B}.Release|Any CPU.Build.0 = Release|Any CPU
		{6B9DBF9B-8C5D-436C-ADA9-FF83354F5602}.Debug|Any CPU.ActiveCfg = Debug|Any CPU
		{6B9DBF9B-8C5D-436C-ADA9-FF83354F5602}.Debug|Any CPU.Build.0 = Debug|Any CPU
		{6B9DBF9B-8C5D-436C-ADA9-FF83354F5602}.Release|Any CPU.ActiveCfg = Release|Any CPU
		{6B9DBF9B-8C5D-436C-ADA9-FF83354F5602}.Release|Any CPU.Build.0 = Release|Any CPU
		{CCE7C618-6897-4CDB-AC11-5A4137A3E1FE}.Debug|Any CPU.ActiveCfg = Debug|Any CPU
		{CCE7C618-6897-4CDB-AC11-5A4137A3E1FE}.Debug|Any CPU.Build.0 = Debug|Any CPU
		{CCE7C618-6897-4CDB-AC11-5A4137A3E1FE}.Release|Any CPU.ActiveCfg = Release|Any CPU
		{CCE7C618-6897-4CDB-AC11-5A4137A3E1FE}.Release|Any CPU.Build.0 = Release|Any CPU
		{5BE25B99-BA65-4508-8C1F-7BBDE6428966}.Debug|Any CPU.ActiveCfg = Debug|Any CPU
		{5BE25B99-BA65-4508-8C1F-7BBDE6428966}.Debug|Any CPU.Build.0 = Debug|Any CPU
		{5BE25B99-BA65-4508-8C1F-7BBDE6428966}.Release|Any CPU.ActiveCfg = Release|Any CPU
		{5BE25B99-BA65-4508-8C1F-7BBDE6428966}.Release|Any CPU.Build.0 = Release|Any CPU
		{D67E6732-ECB0-4514-BFF5-1A453F894E0F}.Debug|Any CPU.ActiveCfg = Debug|Any CPU
		{D67E6732-ECB0-4514-BFF5-1A453F894E0F}.Debug|Any CPU.Build.0 = Debug|Any CPU
		{D67E6732-ECB0-4514-BFF5-1A453F894E0F}.Release|Any CPU.ActiveCfg = Release|Any CPU
		{D67E6732-ECB0-4514-BFF5-1A453F894E0F}.Release|Any CPU.Build.0 = Release|Any CPU
		{A8AB3D75-D40F-40BF-AD14-F9429EFCDE73}.Debug|Any CPU.ActiveCfg = Debug|Any CPU
		{A8AB3D75-D40F-40BF-AD14-F9429EFCDE73}.Debug|Any CPU.Build.0 = Debug|Any CPU
		{A8AB3D75-D40F-40BF-AD14-F9429EFCDE73}.Release|Any CPU.ActiveCfg = Release|Any CPU
		{A8AB3D75-D40F-40BF-AD14-F9429EFCDE73}.Release|Any CPU.Build.0 = Release|Any CPU
		{D2AB36A9-A1D3-4D38-BE81-8C92208D1611}.Debug|Any CPU.ActiveCfg = Debug|Any CPU
		{D2AB36A9-A1D3-4D38-BE81-8C92208D1611}.Debug|Any CPU.Build.0 = Debug|Any CPU
		{D2AB36A9-A1D3-4D38-BE81-8C92208D1611}.Release|Any CPU.ActiveCfg = Release|Any CPU
		{D2AB36A9-A1D3-4D38-BE81-8C92208D1611}.Release|Any CPU.Build.0 = Release|Any CPU
		{12B6DBF3-8DB4-4782-BD6F-BE0985107781}.Debug|Any CPU.ActiveCfg = Debug|Any CPU
		{12B6DBF3-8DB4-4782-BD6F-BE0985107781}.Debug|Any CPU.Build.0 = Debug|Any CPU
		{12B6DBF3-8DB4-4782-BD6F-BE0985107781}.Release|Any CPU.ActiveCfg = Release|Any CPU
		{12B6DBF3-8DB4-4782-BD6F-BE0985107781}.Release|Any CPU.Build.0 = Release|Any CPU
	EndGlobalSection
EndGlobal
