
Microsoft Visual Studio Solution File, Format Version 12.00
# Visual Studio Version 17
VisualStudioVersion = 17.0.31903.59
MinimumVisualStudioVersion = 10.0.40219.1
Project("{FAE04EC0-301F-11D3-BF4B-00C04F79EFBC}") = "ConsoleApp1", "ConsoleApp1\ConsoleApp1.csproj", "{EBE99F04-48C0-4863-9F8A-E9738556452E}"
EndProject
Project("{FAE04EC0-301F-11D3-BF4B-00C04F79EFBC}") = "ConsoleApp2", "ConsoleApp2\ConsoleApp2.csproj", "{4DC99B0B-02B8-4D51-A9CB-889A9002827F}"
EndProject
Project("{FAE04EC0-301F-11D3-BF4B-00C04F79EFBC}") = "andro", "andro\andro.csproj", "{B934E2D3-D1D9-4307-9776-F29F2189C65B}"
EndProject
Project("{FAE04EC0-301F-11D3-BF4B-00C04F79EFBC}") = "namespace", "namespace\namespace.csproj", "{2532E8B9-B966-4F8E-AC1A-97A25D50379F}"
EndProject
Project("{FAE04EC0-301F-11D3-BF4B-00C04F79EFBC}") = "fizzbuz", "fizzbuz\fizzbuz.csproj", "{5DC74627-B154-4573-B939-571AA9C524AD}"
EndProject
Project("{FAE04EC0-301F-11D3-BF4B-00C04F79EFBC}") = "syntax", "syntax\syntax.csproj", "{F42B8A73-5EBF-4DC9-9D26-AE21B3B7E3D4}"
EndProject
Project("{FAE04EC0-301F-11D3-BF4B-00C04F79EFBC}") = "TypeBasic", "TypeBasic\TypeBasic.csproj", "{01E30FE8-FCA7-4568-B1BB-BBA0FCE8C29A}"
EndProject
Project("{FAE04EC0-301F-11D3-BF4B-00C04F79EFBC}") = "numerictype", "numerictype\numerictype.csproj", "{35B11998-51D1-4E28-BF3D-DC955B0A73CC}"
EndProject
Project("{FAE04EC0-301F-11D3-BF4B-00C04F79EFBC}") = "boolean", "boolean\boolean.csproj", "{7BCE29E9-3076-4349-86DC-D563A488F3FF}"
EndProject
Project("{FAE04EC0-301F-11D3-BF4B-00C04F79EFBC}") = "string", "string\string.csproj", "{E9FEDBFA-1961-4264-8DFE-2E45221324E6}"
EndProject
Project("{FAE04EC0-301F-11D3-BF4B-00C04F79EFBC}") = "array", "array\array.csproj", "{4335E3B1-F5FE-4F7D-AEFB-D48942B4F72A}"
EndProject
Project("{FAE04EC0-301F-11D3-BF4B-00C04F79EFBC}") = "variableandpara", "variableandpara\variableandpara.csproj", "{9C5A6AB1-5617-4043-8E78-582FF90FB2CA}"
EndProject
Project("{FAE04EC0-301F-11D3-BF4B-00C04F79EFBC}") = "Expressionandoperator", "Expressionandoperator\Expressionandoperator.csproj", "{70F84E7A-125C-4F32-A300-D3DADFF7816D}"
EndProject
Project("{FAE04EC0-301F-11D3-BF4B-00C04F79EFBC}") = "classes", "classes\classes.csproj", "{459F2B2A-1BBB-47C1-A639-A8173F348419}"
EndProject
Project("{FAE04EC0-301F-11D3-BF4B-00C04F79EFBC}") = "Inheritance", "Inheritance\Inheritance.csproj", "{351E4597-F799-4CDC-97C2-028DDC097AE8}"
EndProject
Project("{FAE04EC0-301F-11D3-BF4B-00C04F79EFBC}") = "objecttype", "objecttype\objecttype.csproj", "{723FEA18-1C6B-4A31-B6C8-36A2036FD101}"
EndProject
Project("{FAE04EC0-301F-11D3-BF4B-00C04F79EFBC}") = "structs", "structs\structs.csproj", "{9CF8313D-E307-4C15-ACD9-493C8FBCEC4B}"
EndProject
Project("{FAE04EC0-301F-11D3-BF4B-00C04F79EFBC}") = "AccesModifier", "AccesModifier\AccesModifier.csproj", "{6B9DBF9B-8C5D-436C-ADA9-FF83354F5602}"
EndProject
Project("{FAE04EC0-301F-11D3-BF4B-00C04F79EFBC}") = "interface", "interface\interface.csproj", "{CCE7C618-6897-4CDB-AC11-5A4137A3E1FE}"
EndProject
Project("{FAE04EC0-301F-11D3-BF4B-00C04F79EFBC}") = "enum", "enum\enum.csproj", "{5BE25B99-BA65-4508-8C1F-7BBDE6428966}"
EndProject
Project("{FAE04EC0-301F-11D3-BF4B-00C04F79EFBC}") = "enumm", "enumm\enumm.csproj", "{D67E6732-ECB0-4514-BFF5-1A453F894E0F}"
EndProject
Project("{FAE04EC0-301F-11D3-BF4B-00C04F79EFBC}") = "NestedType", "NestedType\NestedType.csproj", "{A8AB3D75-D40F-40BF-AD14-F9429EFCDE73}"
EndProject
Project("{FAE04EC0-301F-11D3-BF4B-00C04F79EFBC}") = "generics", "generics\generics.csproj", "{D2AB36A9-A1D3-4D38-BE81-8C92208D1611}"
EndProject
Project("{FAE04EC0-301F-11D3-BF4B-00C04F79EFBC}") = "creatingtypesall", "creatingtypesall\creatingtypesall.csproj", "{12B6DBF3-8DB4-4782-BD6F-BE0985107781}"
EndProject
Project("{FAE04EC0-301F-11D3-BF4B-00C04F79EFBC}") = "day4 - encapsulation", "day4 - encapsulation\day4 - encapsulation.csproj", "{8692B64E-4E42-4BB8-BD48-68B2397C27E0}"
EndProject
Project("{FAE04EC0-301F-11D3-BF4B-00C04F79EFBC}") = "day4 - Inheritance", "day4 - Inheritance\day4 - Inheritance.csproj", "{B9DE7797-D71A-47D2-AF07-D98D65066EEE}"
EndProject
Project("{FAE04EC0-301F-11D3-BF4B-00C04F79EFBC}") = "day4 - polymorphism", "day4 - polymorphism\day4 - polymorphism.csproj", "{E11DBCAE-55C6-4345-A9F6-018045DC954A}"
EndProject
Project("{FAE04EC0-301F-11D3-BF4B-00C04F79EFBC}") = "day5 - nullablevaluetypes", "day5 - nullablevaluetypes\day5 - nullablevaluetypes.csproj", "{F00B7CA6-F53F-4CBE-BCCA-1FBDCCE503E5}"
EndProject
Project("{FAE04EC0-301F-11D3-BF4B-00C04F79EFBC}") = "Delegates", "Delegates\Delegates.csproj", "{DA88135B-B6B9-46ED-954A-1AD6BF5B9682}"
EndProject
Project("{FAE04EC0-301F-11D3-BF4B-00C04F79EFBC}") = "day5 - delegates", "day5 - delegates\day5 - delegates.csproj", "{E7260F09-2451-4B30-B0EE-CDA4EEC38851}"
EndProject
Project("{FAE04EC0-301F-11D3-BF4B-00C04F79EFBC}") = "day5 - eventhandler", "day5 - eventhandler\day5 - eventhandler.csproj", "{68199C6B-9193-4267-9CE6-A314D6A7E237}"
EndProject
Project("{FAE04EC0-301F-11D3-BF4B-00C04F79EFBC}") = "day5 - trystatementandexceptions", "day5 - trystatementandexceptions\day5 - trystatementandexceptions.csproj", "{7C8C84F7-1968-4017-AE34-577A7DCD3C68}"
EndProject
Project("{FAE04EC0-301F-11D3-BF4B-00C04F79EFBC}") = "day5 - operatoroverloading", "day5 - operatoroverloading\day5 - operatoroverloading.csproj", "{3D43CCD6-3CD3-4361-B6F7-54E1494E1A90}"
EndProject
Project("{FAE04EC0-301F-11D3-BF4B-00C04F79EFBC}") = "day5 - EnumerationandIterators", "day5 - EnumerationandIterators\day5 - EnumerationandIterators.csproj", "{59BA4A3F-28D4-4616-A8E6-8209FFC78153}"
EndProject
Project("{FAE04EC0-301F-11D3-BF4B-00C04F79EFBC}") = "day6 - calculator project", "day6 - calculator project\day6 - calculator project.csproj", "{7F2D0E4E-09F3-4007-89B0-F4E9B802EDBF}"
EndProject
Project("{FAE04EC0-301F-11D3-BF4B-00C04F79EFBC}") = "day6 - CsharpDemoapp", "day6 - CsharpDemoapp\day6 - CsharpDemoapp.csproj", "{D5446F8A-E48B-486B-8279-410A9CADFA4E}"
EndProject
Project("{FAE04EC0-301F-11D3-BF4B-00C04F79EFBC}") = "day6 - simplebuah", "day6 - simplebuah\day6 - simplebuah.csproj", "{8CDCE6F7-8B3F-4FC0-BDAC-40A399940898}"
EndProject
Project("{FAE04EC0-301F-11D3-BF4B-00C04F79EFBC}") = "day7 - StringAndTextHandling", "day7 - StringAndTextHandling\day7 - StringAndTextHandling.csproj", "{D04A98A6-DBDE-4D6D-8A59-C2965121672F}"
EndProject
Project("{FAE04EC0-301F-11D3-BF4B-00C04F79EFBC}") = "day6 - DatesAndTimes", "day6 - DatesAndTimes\day6 - DatesAndTimes.csproj", "{FBB78096-D704-4160-84DE-9A3577521CAE}"
EndProject
Project("{FAE04EC0-301F-11D3-BF4B-00C04F79EFBC}") = "day6 - DateAndTimes", "day6 - DateAndTimes\day6 - DateAndTimes.csproj", "{52DAE636-7CCF-428D-827A-6B2B30FE597B}"
EndProject
Project("{FAE04EC0-301F-11D3-BF4B-00C04F79EFBC}") = "day6 - FormattingAndParsing", "day6 - FormattingAndParsing\day6 - FormattingAndParsing.csproj", "{10ABB40C-A963-4B37-ACC1-73F8AC89337C}"
EndProject
Project("{FAE04EC0-301F-11D3-BF4B-00C04F79EFBC}") = "day7 - DateandTimes", "day7 - DateandTimes\day7 - DateandTimes.csproj", "{0144E4DE-C3F3-494B-BF77-F5447EC550A3}"
EndProject
Project("{FAE04EC0-301F-11D3-BF4B-00C04F79EFBC}") = "FormattingAndParsing", "FormattingAndParsing\FormattingAndParsing.csproj", "{38FE5237-5512-40BE-9F38-7456651B7E7B}"
EndProject
Project("{FAE04EC0-301F-11D3-BF4B-00C04F79EFBC}") = "day7 - FormattingAndParsing", "day7 - FormattingAndParsing\day7 - FormattingAndParsing.csproj", "{92E0505B-839C-4152-B48C-A021D442AD43}"
EndProject
Project("{FAE04EC0-301F-11D3-BF4B-00C04F79EFBC}") = "day7 - OtherConversionMechanism", "day7 - OtherConversionMechanism\day7 - OtherConversionMechanism.csproj", "{F4E92404-3BCF-42B0-9732-73211AB7CC28}"
EndProject
Project("{FAE04EC0-301F-11D3-BF4B-00C04F79EFBC}") = "day7 - WorkingWithNumber", "day7 - WorkingWithNumber\day7 - WorkingWithNumber.csproj", "{6CD25E5A-C057-4222-BA7C-9FF0E863C788}"
EndProject
Project("{FAE04EC0-301F-11D3-BF4B-00C04F79EFBC}") = "day7 - enums", "day7 - enums\day7 - enums.csproj", "{EA19AC78-4DE1-469A-A98A-694A6EBDFAAB}"
EndProject
Project("{FAE04EC0-301F-11D3-BF4B-00C04F79EFBC}") = "day7 - EqualityComparison", "day7 - EqualityComparison\day7 - EqualityComparison.csproj", "{ECEB81D1-1420-4601-BA24-6673982B8682}"
EndProject
Project("{FAE04EC0-301F-11D3-BF4B-00C04F79EFBC}") = "day7 - UtilityClasses", "day7 - UtilityClasses\day7 - UtilityClasses.csproj", "{399CC93D-377D-4FB3-BACA-5B36CE209015}"
EndProject
Project("{FAE04EC0-301F-11D3-BF4B-00C04F79EFBC}") = "day8 - scrableword", "day8 - scrableword\day8 - scrableword.csproj", "{94589463-A991-4738-9A22-6F6F70614805}"
EndProject
Project("{FAE04EC0-301F-11D3-BF4B-00C04F79EFBC}") = "day10 - foobarjaz", "day10 - foobarjaz\day10 - foobarjaz.csproj", "{1B7239B1-0D43-47C2-B982-5FCA9039AD44}"
EndProject
Project("{FAE04EC0-301F-11D3-BF4B-00C04F79EFBC}") = "day13 - foobarjazzhuz", "day13 - foobarjazzhuz\day13 - foobarjazzhuz.csproj", "{43ABBF9B-DE25-4F86-91CA-813523D8E50C}"
EndProject
Global
	GlobalSection(SolutionConfigurationPlatforms) = preSolution
		Debug|Any CPU = Debug|Any CPU
		Release|Any CPU = Release|Any CPU
	EndGlobalSection
	GlobalSection(SolutionProperties) = preSolution
		HideSolutionNode = FALSE
	EndGlobalSection
	GlobalSection(ProjectConfigurationPlatforms) = postSolution
		{EBE99F04-48C0-4863-9F8A-E9738556452E}.Debug|Any CPU.ActiveCfg = Debug|Any CPU
		{EBE99F04-48C0-4863-9F8A-E9738556452E}.Debug|Any CPU.Build.0 = Debug|Any CPU
		{EBE99F04-48C0-4863-9F8A-E9738556452E}.Release|Any CPU.ActiveCfg = Release|Any CPU
		{EBE99F04-48C0-4863-9F8A-E9738556452E}.Release|Any CPU.Build.0 = Release|Any CPU
		{4DC99B0B-02B8-4D51-A9CB-889A9002827F}.Debug|Any CPU.ActiveCfg = Debug|Any CPU
		{4DC99B0B-02B8-4D51-A9CB-889A9002827F}.Debug|Any CPU.Build.0 = Debug|Any CPU
		{4DC99B0B-02B8-4D51-A9CB-889A9002827F}.Release|Any CPU.ActiveCfg = Release|Any CPU
		{4DC99B0B-02B8-4D51-A9CB-889A9002827F}.Release|Any CPU.Build.0 = Release|Any CPU
		{B934E2D3-D1D9-4307-9776-F29F2189C65B}.Debug|Any CPU.ActiveCfg = Debug|Any CPU
		{B934E2D3-D1D9-4307-9776-F29F2189C65B}.Debug|Any CPU.Build.0 = Debug|Any CPU
		{B934E2D3-D1D9-4307-9776-F29F2189C65B}.Release|Any CPU.ActiveCfg = Release|Any CPU
		{B934E2D3-D1D9-4307-9776-F29F2189C65B}.Release|Any CPU.Build.0 = Release|Any CPU
		{2532E8B9-B966-4F8E-AC1A-97A25D50379F}.Debug|Any CPU.ActiveCfg = Debug|Any CPU
		{2532E8B9-B966-4F8E-AC1A-97A25D50379F}.Debug|Any CPU.Build.0 = Debug|Any CPU
		{2532E8B9-B966-4F8E-AC1A-97A25D50379F}.Release|Any CPU.ActiveCfg = Release|Any CPU
		{2532E8B9-B966-4F8E-AC1A-97A25D50379F}.Release|Any CPU.Build.0 = Release|Any CPU
		{5DC74627-B154-4573-B939-571AA9C524AD}.Debug|Any CPU.ActiveCfg = Debug|Any CPU
		{5DC74627-B154-4573-B939-571AA9C524AD}.Debug|Any CPU.Build.0 = Debug|Any CPU
		{5DC74627-B154-4573-B939-571AA9C524AD}.Release|Any CPU.ActiveCfg = Release|Any CPU
		{5DC74627-B154-4573-B939-571AA9C524AD}.Release|Any CPU.Build.0 = Release|Any CPU
		{F42B8A73-5EBF-4DC9-9D26-AE21B3B7E3D4}.Debug|Any CPU.ActiveCfg = Debug|Any CPU
		{F42B8A73-5EBF-4DC9-9D26-AE21B3B7E3D4}.Debug|Any CPU.Build.0 = Debug|Any CPU
		{F42B8A73-5EBF-4DC9-9D26-AE21B3B7E3D4}.Release|Any CPU.ActiveCfg = Release|Any CPU
		{F42B8A73-5EBF-4DC9-9D26-AE21B3B7E3D4}.Release|Any CPU.Build.0 = Release|Any CPU
		{01E30FE8-FCA7-4568-B1BB-BBA0FCE8C29A}.Debug|Any CPU.ActiveCfg = Debug|Any CPU
		{01E30FE8-FCA7-4568-B1BB-BBA0FCE8C29A}.Debug|Any CPU.Build.0 = Debug|Any CPU
		{01E30FE8-FCA7-4568-B1BB-BBA0FCE8C29A}.Release|Any CPU.ActiveCfg = Release|Any CPU
		{01E30FE8-FCA7-4568-B1BB-BBA0FCE8C29A}.Release|Any CPU.Build.0 = Release|Any CPU
		{35B11998-51D1-4E28-BF3D-DC955B0A73CC}.Debug|Any CPU.ActiveCfg = Debug|Any CPU
		{35B11998-51D1-4E28-BF3D-DC955B0A73CC}.Debug|Any CPU.Build.0 = Debug|Any CPU
		{35B11998-51D1-4E28-BF3D-DC955B0A73CC}.Release|Any CPU.ActiveCfg = Release|Any CPU
		{35B11998-51D1-4E28-BF3D-DC955B0A73CC}.Release|Any CPU.Build.0 = Release|Any CPU
		{7BCE29E9-3076-4349-86DC-D563A488F3FF}.Debug|Any CPU.ActiveCfg = Debug|Any CPU
		{7BCE29E9-3076-4349-86DC-D563A488F3FF}.Debug|Any CPU.Build.0 = Debug|Any CPU
		{7BCE29E9-3076-4349-86DC-D563A488F3FF}.Release|Any CPU.ActiveCfg = Release|Any CPU
		{7BCE29E9-3076-4349-86DC-D563A488F3FF}.Release|Any CPU.Build.0 = Release|Any CPU
		{E9FEDBFA-1961-4264-8DFE-2E45221324E6}.Debug|Any CPU.ActiveCfg = Debug|Any CPU
		{E9FEDBFA-1961-4264-8DFE-2E45221324E6}.Debug|Any CPU.Build.0 = Debug|Any CPU
		{E9FEDBFA-1961-4264-8DFE-2E45221324E6}.Release|Any CPU.ActiveCfg = Release|Any CPU
		{E9FEDBFA-1961-4264-8DFE-2E45221324E6}.Release|Any CPU.Build.0 = Release|Any CPU
		{4335E3B1-F5FE-4F7D-AEFB-D48942B4F72A}.Debug|Any CPU.ActiveCfg = Debug|Any CPU
		{4335E3B1-F5FE-4F7D-AEFB-D48942B4F72A}.Debug|Any CPU.Build.0 = Debug|Any CPU
		{4335E3B1-F5FE-4F7D-AEFB-D48942B4F72A}.Release|Any CPU.ActiveCfg = Release|Any CPU
		{4335E3B1-F5FE-4F7D-AEFB-D48942B4F72A}.Release|Any CPU.Build.0 = Release|Any CPU
		{9C5A6AB1-5617-4043-8E78-582FF90FB2CA}.Debug|Any CPU.ActiveCfg = Debug|Any CPU
		{9C5A6AB1-5617-4043-8E78-582FF90FB2CA}.Debug|Any CPU.Build.0 = Debug|Any CPU
		{9C5A6AB1-5617-4043-8E78-582FF90FB2CA}.Release|Any CPU.ActiveCfg = Release|Any CPU
		{9C5A6AB1-5617-4043-8E78-582FF90FB2CA}.Release|Any CPU.Build.0 = Release|Any CPU
		{70F84E7A-125C-4F32-A300-D3DADFF7816D}.Debug|Any CPU.ActiveCfg = Debug|Any CPU
		{70F84E7A-125C-4F32-A300-D3DADFF7816D}.Debug|Any CPU.Build.0 = Debug|Any CPU
		{70F84E7A-125C-4F32-A300-D3DADFF7816D}.Release|Any CPU.ActiveCfg = Release|Any CPU
		{70F84E7A-125C-4F32-A300-D3DADFF7816D}.Release|Any CPU.Build.0 = Release|Any CPU
		{459F2B2A-1BBB-47C1-A639-A8173F348419}.Debug|Any CPU.ActiveCfg = Debug|Any CPU
		{459F2B2A-1BBB-47C1-A639-A8173F348419}.Debug|Any CPU.Build.0 = Debug|Any CPU
		{459F2B2A-1BBB-47C1-A639-A8173F348419}.Release|Any CPU.ActiveCfg = Release|Any CPU
		{459F2B2A-1BBB-47C1-A639-A8173F348419}.Release|Any CPU.Build.0 = Release|Any CPU
		{351E4597-F799-4CDC-97C2-028DDC097AE8}.Debug|Any CPU.ActiveCfg = Debug|Any CPU
		{351E4597-F799-4CDC-97C2-028DDC097AE8}.Debug|Any CPU.Build.0 = Debug|Any CPU
		{351E4597-F799-4CDC-97C2-028DDC097AE8}.Release|Any CPU.ActiveCfg = Release|Any CPU
		{351E4597-F799-4CDC-97C2-028DDC097AE8}.Release|Any CPU.Build.0 = Release|Any CPU
		{723FEA18-1C6B-4A31-B6C8-36A2036FD101}.Debug|Any CPU.ActiveCfg = Debug|Any CPU
		{723FEA18-1C6B-4A31-B6C8-36A2036FD101}.Debug|Any CPU.Build.0 = Debug|Any CPU
		{723FEA18-1C6B-4A31-B6C8-36A2036FD101}.Release|Any CPU.ActiveCfg = Release|Any CPU
		{723FEA18-1C6B-4A31-B6C8-36A2036FD101}.Release|Any CPU.Build.0 = Release|Any CPU
		{9CF8313D-E307-4C15-ACD9-493C8FBCEC4B}.Debug|Any CPU.ActiveCfg = Debug|Any CPU
		{9CF8313D-E307-4C15-ACD9-493C8FBCEC4B}.Debug|Any CPU.Build.0 = Debug|Any CPU
		{9CF8313D-E307-4C15-ACD9-493C8FBCEC4B}.Release|Any CPU.ActiveCfg = Release|Any CPU
		{9CF8313D-E307-4C15-ACD9-493C8FBCEC4B}.Release|Any CPU.Build.0 = Release|Any CPU
		{6B9DBF9B-8C5D-436C-ADA9-FF83354F5602}.Debug|Any CPU.ActiveCfg = Debug|Any CPU
		{6B9DBF9B-8C5D-436C-ADA9-FF83354F5602}.Debug|Any CPU.Build.0 = Debug|Any CPU
		{6B9DBF9B-8C5D-436C-ADA9-FF83354F5602}.Release|Any CPU.ActiveCfg = Release|Any CPU
		{6B9DBF9B-8C5D-436C-ADA9-FF83354F5602}.Release|Any CPU.Build.0 = Release|Any CPU
		{CCE7C618-6897-4CDB-AC11-5A4137A3E1FE}.Debug|Any CPU.ActiveCfg = Debug|Any CPU
		{CCE7C618-6897-4CDB-AC11-5A4137A3E1FE}.Debug|Any CPU.Build.0 = Debug|Any CPU
		{CCE7C618-6897-4CDB-AC11-5A4137A3E1FE}.Release|Any CPU.ActiveCfg = Release|Any CPU
		{CCE7C618-6897-4CDB-AC11-5A4137A3E1FE}.Release|Any CPU.Build.0 = Release|Any CPU
		{5BE25B99-BA65-4508-8C1F-7BBDE6428966}.Debug|Any CPU.ActiveCfg = Debug|Any CPU
		{5BE25B99-BA65-4508-8C1F-7BBDE6428966}.Debug|Any CPU.Build.0 = Debug|Any CPU
		{5BE25B99-BA65-4508-8C1F-7BBDE6428966}.Release|Any CPU.ActiveCfg = Release|Any CPU
		{5BE25B99-BA65-4508-8C1F-7BBDE6428966}.Release|Any CPU.Build.0 = Release|Any CPU
		{D67E6732-ECB0-4514-BFF5-1A453F894E0F}.Debug|Any CPU.ActiveCfg = Debug|Any CPU
		{D67E6732-ECB0-4514-BFF5-1A453F894E0F}.Debug|Any CPU.Build.0 = Debug|Any CPU
		{D67E6732-ECB0-4514-BFF5-1A453F894E0F}.Release|Any CPU.ActiveCfg = Release|Any CPU
		{D67E6732-ECB0-4514-BFF5-1A453F894E0F}.Release|Any CPU.Build.0 = Release|Any CPU
		{A8AB3D75-D40F-40BF-AD14-F9429EFCDE73}.Debug|Any CPU.ActiveCfg = Debug|Any CPU
		{A8AB3D75-D40F-40BF-AD14-F9429EFCDE73}.Debug|Any CPU.Build.0 = Debug|Any CPU
		{A8AB3D75-D40F-40BF-AD14-F9429EFCDE73}.Release|Any CPU.ActiveCfg = Release|Any CPU
		{A8AB3D75-D40F-40BF-AD14-F9429EFCDE73}.Release|Any CPU.Build.0 = Release|Any CPU
		{D2AB36A9-A1D3-4D38-BE81-8C92208D1611}.Debug|Any CPU.ActiveCfg = Debug|Any CPU
		{D2AB36A9-A1D3-4D38-BE81-8C92208D1611}.Debug|Any CPU.Build.0 = Debug|Any CPU
		{D2AB36A9-A1D3-4D38-BE81-8C92208D1611}.Release|Any CPU.ActiveCfg = Release|Any CPU
		{D2AB36A9-A1D3-4D38-BE81-8C92208D1611}.Release|Any CPU.Build.0 = Release|Any CPU
		{12B6DBF3-8DB4-4782-BD6F-BE0985107781}.Debug|Any CPU.ActiveCfg = Debug|Any CPU
		{12B6DBF3-8DB4-4782-BD6F-BE0985107781}.Debug|Any CPU.Build.0 = Debug|Any CPU
		{12B6DBF3-8DB4-4782-BD6F-BE0985107781}.Release|Any CPU.ActiveCfg = Release|Any CPU
		{12B6DBF3-8DB4-4782-BD6F-BE0985107781}.Release|Any CPU.Build.0 = Release|Any CPU
		{8692B64E-4E42-4BB8-BD48-68B2397C27E0}.Debug|Any CPU.ActiveCfg = Debug|Any CPU
		{8692B64E-4E42-4BB8-BD48-68B2397C27E0}.Debug|Any CPU.Build.0 = Debug|Any CPU
		{8692B64E-4E42-4BB8-BD48-68B2397C27E0}.Release|Any CPU.ActiveCfg = Release|Any CPU
		{8692B64E-4E42-4BB8-BD48-68B2397C27E0}.Release|Any CPU.Build.0 = Release|Any CPU
		{B9DE7797-D71A-47D2-AF07-D98D65066EEE}.Debug|Any CPU.ActiveCfg = Debug|Any CPU
		{B9DE7797-D71A-47D2-AF07-D98D65066EEE}.Debug|Any CPU.Build.0 = Debug|Any CPU
		{B9DE7797-D71A-47D2-AF07-D98D65066EEE}.Release|Any CPU.ActiveCfg = Release|Any CPU
		{B9DE7797-D71A-47D2-AF07-D98D65066EEE}.Release|Any CPU.Build.0 = Release|Any CPU
		{E11DBCAE-55C6-4345-A9F6-018045DC954A}.Debug|Any CPU.ActiveCfg = Debug|Any CPU
		{E11DBCAE-55C6-4345-A9F6-018045DC954A}.Debug|Any CPU.Build.0 = Debug|Any CPU
		{E11DBCAE-55C6-4345-A9F6-018045DC954A}.Release|Any CPU.ActiveCfg = Release|Any CPU
		{E11DBCAE-55C6-4345-A9F6-018045DC954A}.Release|Any CPU.Build.0 = Release|Any CPU
		{F00B7CA6-F53F-4CBE-BCCA-1FBDCCE503E5}.Debug|Any CPU.ActiveCfg = Debug|Any CPU
		{F00B7CA6-F53F-4CBE-BCCA-1FBDCCE503E5}.Debug|Any CPU.Build.0 = Debug|Any CPU
		{F00B7CA6-F53F-4CBE-BCCA-1FBDCCE503E5}.Release|Any CPU.ActiveCfg = Release|Any CPU
		{F00B7CA6-F53F-4CBE-BCCA-1FBDCCE503E5}.Release|Any CPU.Build.0 = Release|Any CPU
		{DA88135B-B6B9-46ED-954A-1AD6BF5B9682}.Debug|Any CPU.ActiveCfg = Debug|Any CPU
		{DA88135B-B6B9-46ED-954A-1AD6BF5B9682}.Debug|Any CPU.Build.0 = Debug|Any CPU
		{DA88135B-B6B9-46ED-954A-1AD6BF5B9682}.Release|Any CPU.ActiveCfg = Release|Any CPU
		{DA88135B-B6B9-46ED-954A-1AD6BF5B9682}.Release|Any CPU.Build.0 = Release|Any CPU
		{E7260F09-2451-4B30-B0EE-CDA4EEC38851}.Debug|Any CPU.ActiveCfg = Debug|Any CPU
		{E7260F09-2451-4B30-B0EE-CDA4EEC38851}.Debug|Any CPU.Build.0 = Debug|Any CPU
		{E7260F09-2451-4B30-B0EE-CDA4EEC38851}.Release|Any CPU.ActiveCfg = Release|Any CPU
		{E7260F09-2451-4B30-B0EE-CDA4EEC38851}.Release|Any CPU.Build.0 = Release|Any CPU
		{68199C6B-9193-4267-9CE6-A314D6A7E237}.Debug|Any CPU.ActiveCfg = Debug|Any CPU
		{68199C6B-9193-4267-9CE6-A314D6A7E237}.Debug|Any CPU.Build.0 = Debug|Any CPU
		{68199C6B-9193-4267-9CE6-A314D6A7E237}.Release|Any CPU.ActiveCfg = Release|Any CPU
		{68199C6B-9193-4267-9CE6-A314D6A7E237}.Release|Any CPU.Build.0 = Release|Any CPU
		{7C8C84F7-1968-4017-AE34-577A7DCD3C68}.Debug|Any CPU.ActiveCfg = Debug|Any CPU
		{7C8C84F7-1968-4017-AE34-577A7DCD3C68}.Debug|Any CPU.Build.0 = Debug|Any CPU
		{7C8C84F7-1968-4017-AE34-577A7DCD3C68}.Release|Any CPU.ActiveCfg = Release|Any CPU
		{7C8C84F7-1968-4017-AE34-577A7DCD3C68}.Release|Any CPU.Build.0 = Release|Any CPU
		{3D43CCD6-3CD3-4361-B6F7-54E1494E1A90}.Debug|Any CPU.ActiveCfg = Debug|Any CPU
		{3D43CCD6-3CD3-4361-B6F7-54E1494E1A90}.Debug|Any CPU.Build.0 = Debug|Any CPU
		{3D43CCD6-3CD3-4361-B6F7-54E1494E1A90}.Release|Any CPU.ActiveCfg = Release|Any CPU
		{3D43CCD6-3CD3-4361-B6F7-54E1494E1A90}.Release|Any CPU.Build.0 = Release|Any CPU
		{59BA4A3F-28D4-4616-A8E6-8209FFC78153}.Debug|Any CPU.ActiveCfg = Debug|Any CPU
		{59BA4A3F-28D4-4616-A8E6-8209FFC78153}.Debug|Any CPU.Build.0 = Debug|Any CPU
		{59BA4A3F-28D4-4616-A8E6-8209FFC78153}.Release|Any CPU.ActiveCfg = Release|Any CPU
		{59BA4A3F-28D4-4616-A8E6-8209FFC78153}.Release|Any CPU.Build.0 = Release|Any CPU
		{7F2D0E4E-09F3-4007-89B0-F4E9B802EDBF}.Debug|Any CPU.ActiveCfg = Debug|Any CPU
		{7F2D0E4E-09F3-4007-89B0-F4E9B802EDBF}.Debug|Any CPU.Build.0 = Debug|Any CPU
		{7F2D0E4E-09F3-4007-89B0-F4E9B802EDBF}.Release|Any CPU.ActiveCfg = Release|Any CPU
		{7F2D0E4E-09F3-4007-89B0-F4E9B802EDBF}.Release|Any CPU.Build.0 = Release|Any CPU
		{D5446F8A-E48B-486B-8279-410A9CADFA4E}.Debug|Any CPU.ActiveCfg = Debug|Any CPU
		{D5446F8A-E48B-486B-8279-410A9CADFA4E}.Debug|Any CPU.Build.0 = Debug|Any CPU
		{D5446F8A-E48B-486B-8279-410A9CADFA4E}.Release|Any CPU.ActiveCfg = Release|Any CPU
		{D5446F8A-E48B-486B-8279-410A9CADFA4E}.Release|Any CPU.Build.0 = Release|Any CPU
		{8CDCE6F7-8B3F-4FC0-BDAC-40A399940898}.Debug|Any CPU.ActiveCfg = Debug|Any CPU
		{8CDCE6F7-8B3F-4FC0-BDAC-40A399940898}.Debug|Any CPU.Build.0 = Debug|Any CPU
		{8CDCE6F7-8B3F-4FC0-BDAC-40A399940898}.Release|Any CPU.ActiveCfg = Release|Any CPU
		{8CDCE6F7-8B3F-4FC0-BDAC-40A399940898}.Release|Any CPU.Build.0 = Release|Any CPU
		{D04A98A6-DBDE-4D6D-8A59-C2965121672F}.Debug|Any CPU.ActiveCfg = Debug|Any CPU
		{D04A98A6-DBDE-4D6D-8A59-C2965121672F}.Debug|Any CPU.Build.0 = Debug|Any CPU
		{D04A98A6-DBDE-4D6D-8A59-C2965121672F}.Release|Any CPU.ActiveCfg = Release|Any CPU
		{D04A98A6-DBDE-4D6D-8A59-C2965121672F}.Release|Any CPU.Build.0 = Release|Any CPU
		{FBB78096-D704-4160-84DE-9A3577521CAE}.Debug|Any CPU.ActiveCfg = Debug|Any CPU
		{FBB78096-D704-4160-84DE-9A3577521CAE}.Debug|Any CPU.Build.0 = Debug|Any CPU
		{FBB78096-D704-4160-84DE-9A3577521CAE}.Release|Any CPU.ActiveCfg = Release|Any CPU
		{FBB78096-D704-4160-84DE-9A3577521CAE}.Release|Any CPU.Build.0 = Release|Any CPU
		{52DAE636-7CCF-428D-827A-6B2B30FE597B}.Debug|Any CPU.ActiveCfg = Debug|Any CPU
		{52DAE636-7CCF-428D-827A-6B2B30FE597B}.Debug|Any CPU.Build.0 = Debug|Any CPU
		{52DAE636-7CCF-428D-827A-6B2B30FE597B}.Release|Any CPU.ActiveCfg = Release|Any CPU
		{52DAE636-7CCF-428D-827A-6B2B30FE597B}.Release|Any CPU.Build.0 = Release|Any CPU
		{10ABB40C-A963-4B37-ACC1-73F8AC89337C}.Debug|Any CPU.ActiveCfg = Debug|Any CPU
		{10ABB40C-A963-4B37-ACC1-73F8AC89337C}.Debug|Any CPU.Build.0 = Debug|Any CPU
		{10ABB40C-A963-4B37-ACC1-73F8AC89337C}.Release|Any CPU.ActiveCfg = Release|Any CPU
		{10ABB40C-A963-4B37-ACC1-73F8AC89337C}.Release|Any CPU.Build.0 = Release|Any CPU
		{0144E4DE-C3F3-494B-BF77-F5447EC550A3}.Debug|Any CPU.ActiveCfg = Debug|Any CPU
		{0144E4DE-C3F3-494B-BF77-F5447EC550A3}.Debug|Any CPU.Build.0 = Debug|Any CPU
		{0144E4DE-C3F3-494B-BF77-F5447EC550A3}.Release|Any CPU.ActiveCfg = Release|Any CPU
		{0144E4DE-C3F3-494B-BF77-F5447EC550A3}.Release|Any CPU.Build.0 = Release|Any CPU
		{38FE5237-5512-40BE-9F38-7456651B7E7B}.Debug|Any CPU.ActiveCfg = Debug|Any CPU
		{38FE5237-5512-40BE-9F38-7456651B7E7B}.Debug|Any CPU.Build.0 = Debug|Any CPU
		{38FE5237-5512-40BE-9F38-7456651B7E7B}.Release|Any CPU.ActiveCfg = Release|Any CPU
		{38FE5237-5512-40BE-9F38-7456651B7E7B}.Release|Any CPU.Build.0 = Release|Any CPU
		{92E0505B-839C-4152-B48C-A021D442AD43}.Debug|Any CPU.ActiveCfg = Debug|Any CPU
		{92E0505B-839C-4152-B48C-A021D442AD43}.Debug|Any CPU.Build.0 = Debug|Any CPU
		{92E0505B-839C-4152-B48C-A021D442AD43}.Release|Any CPU.ActiveCfg = Release|Any CPU
		{92E0505B-839C-4152-B48C-A021D442AD43}.Release|Any CPU.Build.0 = Release|Any CPU
		{F4E92404-3BCF-42B0-9732-73211AB7CC28}.Debug|Any CPU.ActiveCfg = Debug|Any CPU
		{F4E92404-3BCF-42B0-9732-73211AB7CC28}.Debug|Any CPU.Build.0 = Debug|Any CPU
		{F4E92404-3BCF-42B0-9732-73211AB7CC28}.Release|Any CPU.ActiveCfg = Release|Any CPU
		{F4E92404-3BCF-42B0-9732-73211AB7CC28}.Release|Any CPU.Build.0 = Release|Any CPU
		{6CD25E5A-C057-4222-BA7C-9FF0E863C788}.Debug|Any CPU.ActiveCfg = Debug|Any CPU
		{6CD25E5A-C057-4222-BA7C-9FF0E863C788}.Debug|Any CPU.Build.0 = Debug|Any CPU
		{6CD25E5A-C057-4222-BA7C-9FF0E863C788}.Release|Any CPU.ActiveCfg = Release|Any CPU
		{6CD25E5A-C057-4222-BA7C-9FF0E863C788}.Release|Any CPU.Build.0 = Release|Any CPU
		{EA19AC78-4DE1-469A-A98A-694A6EBDFAAB}.Debug|Any CPU.ActiveCfg = Debug|Any CPU
		{EA19AC78-4DE1-469A-A98A-694A6EBDFAAB}.Debug|Any CPU.Build.0 = Debug|Any CPU
		{EA19AC78-4DE1-469A-A98A-694A6EBDFAAB}.Release|Any CPU.ActiveCfg = Release|Any CPU
		{EA19AC78-4DE1-469A-A98A-694A6EBDFAAB}.Release|Any CPU.Build.0 = Release|Any CPU
		{ECEB81D1-1420-4601-BA24-6673982B8682}.Debug|Any CPU.ActiveCfg = Debug|Any CPU
		{ECEB81D1-1420-4601-BA24-6673982B8682}.Debug|Any CPU.Build.0 = Debug|Any CPU
		{ECEB81D1-1420-4601-BA24-6673982B8682}.Release|Any CPU.ActiveCfg = Release|Any CPU
		{ECEB81D1-1420-4601-BA24-6673982B8682}.Release|Any CPU.Build.0 = Release|Any CPU
		{399CC93D-377D-4FB3-BACA-5B36CE209015}.Debug|Any CPU.ActiveCfg = Debug|Any CPU
		{399CC93D-377D-4FB3-BACA-5B36CE209015}.Debug|Any CPU.Build.0 = Debug|Any CPU
		{399CC93D-377D-4FB3-BACA-5B36CE209015}.Release|Any CPU.ActiveCfg = Release|Any CPU
		{399CC93D-377D-4FB3-BACA-5B36CE209015}.Release|Any CPU.Build.0 = Release|Any CPU
		{94589463-A991-4738-9A22-6F6F70614805}.Debug|Any CPU.ActiveCfg = Debug|Any CPU
		{94589463-A991-4738-9A22-6F6F70614805}.Debug|Any CPU.Build.0 = Debug|Any CPU
		{94589463-A991-4738-9A22-6F6F70614805}.Release|Any CPU.ActiveCfg = Release|Any CPU
		{94589463-A991-4738-9A22-6F6F70614805}.Release|Any CPU.Build.0 = Release|Any CPU
		{1B7239B1-0D43-47C2-B982-5FCA9039AD44}.Debug|Any CPU.ActiveCfg = Debug|Any CPU
		{1B7239B1-0D43-47C2-B982-5FCA9039AD44}.Debug|Any CPU.Build.0 = Debug|Any CPU
		{1B7239B1-0D43-47C2-B982-5FCA9039AD44}.Release|Any CPU.ActiveCfg = Release|Any CPU
		{1B7239B1-0D43-47C2-B982-5FCA9039AD44}.Release|Any CPU.Build.0 = Release|Any CPU
		{43ABBF9B-DE25-4F86-91CA-813523D8E50C}.Debug|Any CPU.ActiveCfg = Debug|Any CPU
		{43ABBF9B-DE25-4F86-91CA-813523D8E50C}.Debug|Any CPU.Build.0 = Debug|Any CPU
		{43ABBF9B-DE25-4F86-91CA-813523D8E50C}.Release|Any CPU.ActiveCfg = Release|Any CPU
		{43ABBF9B-DE25-4F86-91CA-813523D8E50C}.Release|Any CPU.Build.0 = Release|Any CPU
	EndGlobalSection
EndGlobal
